
Microsoft Visual Studio Solution File, Format Version 12.00
# Visual Studio Version 16
VisualStudioVersion = 16.0.30717.126
MinimumVisualStudioVersion = 10.0.40219.1
Project("{FAE04EC0-301F-11D3-BF4B-00C04F79EFBC}") = "ConsoleApp1", "ConsoleApp1\ConsoleApp1.csproj", "{7ABE4930-9F65-41A2-B0F9-729A901ED80F}"
EndProject
Global
	GlobalSection(SolutionConfigurationPlatforms) = preSolution
		Debug|Any CPU = Debug|Any CPU
		Release|Any CPU = Release|Any CPU
	EndGlobalSection
	GlobalSection(ProjectConfigurationPlatforms) = postSolution
		{7ABE4930-9F65-41A2-B0F9-729A901ED80F}.Debug|Any CPU.ActiveCfg = Debug|Any CPU
		{7ABE4930-9F65-41A2-B0F9-729A901ED80F}.Debug|Any CPU.Build.0 = Debug|Any CPU
		{7ABE4930-9F65-41A2-B0F9-729A901ED80F}.Release|Any CPU.ActiveCfg = Release|Any CPU
		{7ABE4930-9F65-41A2-B0F9-729A901ED80F}.Release|Any CPU.Build.0 = Release|Any CPU
	EndGlobalSection
	GlobalSection(SolutionProperties) = preSolution
		HideSolutionNode = FALSE
	EndGlobalSection
	GlobalSection(ExtensibilityGlobals) = postSolution
		SolutionGuid = {D67EBC48-0F8F-49C0-98E6-DBCD20F0EFEF}
	EndGlobalSection
EndGlobal
